
Microsoft Visual Studio Solution File, Format Version 12.00
# Visual Studio Version 17
VisualStudioVersion = 17.2.32526.322
MinimumVisualStudioVersion = 10.0.40219.1
Project("{FAE04EC0-301F-11D3-BF4B-00C04F79EFBC}") = "ukol1", "ukol1\ukol1.csproj", "{0462D42B-8E5F-4146-BB84-2D33E753928D}"
EndProject
Global
	GlobalSection(SolutionConfigurationPlatforms) = preSolution
		Debug|Any CPU = Debug|Any CPU
		Release|Any CPU = Release|Any CPU
	EndGlobalSection
	GlobalSection(ProjectConfigurationPlatforms) = postSolution
		{0462D42B-8E5F-4146-BB84-2D33E753928D}.Debug|Any CPU.ActiveCfg = Debug|Any CPU
		{0462D42B-8E5F-4146-BB84-2D33E753928D}.Debug|Any CPU.Build.0 = Debug|Any CPU
		{0462D42B-8E5F-4146-BB84-2D33E753928D}.Release|Any CPU.ActiveCfg = Release|Any CPU
		{0462D42B-8E5F-4146-BB84-2D33E753928D}.Release|Any CPU.Build.0 = Release|Any CPU
	EndGlobalSection
	GlobalSection(SolutionProperties) = preSolution
		HideSolutionNode = FALSE
	EndGlobalSection
	GlobalSection(ExtensibilityGlobals) = postSolution
		SolutionGuid = {BDD6AA1C-DB3F-498B-AF4C-EEF20A8DB291}
	EndGlobalSection
EndGlobal
